// !$*UTF8*$!
{
	archiveVersion = 1;
	classes = {
	};
	objectVersion = 55;
	objects = {

/* Begin PBXBuildFile section */
		02CDD489A37619E2269DD8F5 /* Pods_football_leagues.framework in Frameworks */ = {isa = PBXBuildFile; fileRef = 3324CFB57C49E34C9155B688 /* Pods_football_leagues.framework */; };
		1F2E86862AD549790045D35F /* CompetitionsVM.swift in Sources */ = {isa = PBXBuildFile; fileRef = 1F2E86852AD549790045D35F /* CompetitionsVM.swift */; };
		1F7BFC1F2AD2C09D009BC842 /* NetworkManager.swift in Sources */ = {isa = PBXBuildFile; fileRef = 1F7BFC1E2AD2C09D009BC842 /* NetworkManager.swift */; };
		1F8957692AC98D3700C91B9A /* CompetitionsViewController.swift in Sources */ = {isa = PBXBuildFile; fileRef = 1F8957672AC98D3700C91B9A /* CompetitionsViewController.swift */; };
		1F89576A2AC98D3700C91B9A /* CompetitionsViewController.xib in Resources */ = {isa = PBXBuildFile; fileRef = 1F8957682AC98D3700C91B9A /* CompetitionsViewController.xib */; };
		1F8957702ACC2BBC00C91B9A /* CompetitionsTableViewCell.swift in Sources */ = {isa = PBXBuildFile; fileRef = 1F89576E2ACC2BBC00C91B9A /* CompetitionsTableViewCell.swift */; };
		1F8957712ACC2BBC00C91B9A /* CompetitionsTableViewCell.xib in Resources */ = {isa = PBXBuildFile; fileRef = 1F89576F2ACC2BBC00C91B9A /* CompetitionsTableViewCell.xib */; };
		1F8957732ACC56FE00C91B9A /* CompetitionsModel.swift in Sources */ = {isa = PBXBuildFile; fileRef = 1F8957722ACC56FE00C91B9A /* CompetitionsModel.swift */; };
		1F99689C2ADE8F3E000DDA94 /* TeamsModel.swift in Sources */ = {isa = PBXBuildFile; fileRef = 1F99689B2ADE8F3E000DDA94 /* TeamsModel.swift */; };
		1F99689F2ADEAE28000DDA94 /* TeamsCell.swift in Sources */ = {isa = PBXBuildFile; fileRef = 1F99689D2ADEAE28000DDA94 /* TeamsCell.swift */; };
		1F9968A02ADEAE28000DDA94 /* TeamsCell.xib in Resources */ = {isa = PBXBuildFile; fileRef = 1F99689E2ADEAE28000DDA94 /* TeamsCell.xib */; };
		1FA7AA3B2AC9515C00895E27 /* AppDelegate.swift in Sources */ = {isa = PBXBuildFile; fileRef = 1FA7AA3A2AC9515C00895E27 /* AppDelegate.swift */; };
		1FA7AA3D2AC9515C00895E27 /* SceneDelegate.swift in Sources */ = {isa = PBXBuildFile; fileRef = 1FA7AA3C2AC9515C00895E27 /* SceneDelegate.swift */; };
		1FA7AA452AC9515C00895E27 /* football_leagues.xcdatamodeld in Sources */ = {isa = PBXBuildFile; fileRef = 1FA7AA432AC9515C00895E27 /* football_leagues.xcdatamodeld */; };
		1FA7AA472AC9516B00895E27 /* Assets.xcassets in Resources */ = {isa = PBXBuildFile; fileRef = 1FA7AA462AC9516B00895E27 /* Assets.xcassets */; };
		1FA7AA4A2AC9516B00895E27 /* LaunchScreen.storyboard in Resources */ = {isa = PBXBuildFile; fileRef = 1FA7AA482AC9516B00895E27 /* LaunchScreen.storyboard */; };
		1FB383F22AE7E068006790E5 /* MatchesCell.swift in Sources */ = {isa = PBXBuildFile; fileRef = 1FB383F02AE7E068006790E5 /* MatchesCell.swift */; };
		1FB383F32AE7E068006790E5 /* MatchesCell.xib in Resources */ = {isa = PBXBuildFile; fileRef = 1FB383F12AE7E068006790E5 /* MatchesCell.xib */; };
		1FB383F52AE90F93006790E5 /* MatchesModel.swift in Sources */ = {isa = PBXBuildFile; fileRef = 1FB383F42AE90F93006790E5 /* MatchesModel.swift */; };
		1FB383F92AE91F15006790E5 /* MatchesVC.swift in Sources */ = {isa = PBXBuildFile; fileRef = 1FB383F72AE91F15006790E5 /* MatchesVC.swift */; };
		1FB383FA2AE91F15006790E5 /* MatchesVC.xib in Resources */ = {isa = PBXBuildFile; fileRef = 1FB383F82AE91F15006790E5 /* MatchesVC.xib */; };
		1FB383FC2AE9343C006790E5 /* MatchesVM.swift in Sources */ = {isa = PBXBuildFile; fileRef = 1FB383FB2AE9343C006790E5 /* MatchesVM.swift */; };
		1FB384022AF258B6006790E5 /* DBManager.swift in Sources */ = {isa = PBXBuildFile; fileRef = 1FB384012AF258B6006790E5 /* DBManager.swift */; };
		1FBD9B422AF8F4FC00C4AC76 /* States.swift in Sources */ = {isa = PBXBuildFile; fileRef = 1FBD9B412AF8F4FC00C4AC76 /* States.swift */; };
		1FC4E9222ADFD74800A6846E /* TeamsVC.swift in Sources */ = {isa = PBXBuildFile; fileRef = 1FC4E9202ADFD74800A6846E /* TeamsVC.swift */; };
		1FC4E9232ADFD74800A6846E /* TeamsVC.xib in Resources */ = {isa = PBXBuildFile; fileRef = 1FC4E9212ADFD74800A6846E /* TeamsVC.xib */; };
		1FC4E9262ADFEF5700A6846E /* TeamsVM.swift in Sources */ = {isa = PBXBuildFile; fileRef = 1FC4E9252ADFEF5700A6846E /* TeamsVM.swift */; };
/* End PBXBuildFile section */

/* Begin PBXFileReference section */
		1F2E86852AD549790045D35F /* CompetitionsVM.swift */ = {isa = PBXFileReference; lastKnownFileType = sourcecode.swift; path = CompetitionsVM.swift; sourceTree = "<group>"; };
		1F7BFC1E2AD2C09D009BC842 /* NetworkManager.swift */ = {isa = PBXFileReference; lastKnownFileType = sourcecode.swift; path = NetworkManager.swift; sourceTree = "<group>"; };
		1F8957672AC98D3700C91B9A /* CompetitionsViewController.swift */ = {isa = PBXFileReference; lastKnownFileType = sourcecode.swift; path = CompetitionsViewController.swift; sourceTree = "<group>"; };
		1F8957682AC98D3700C91B9A /* CompetitionsViewController.xib */ = {isa = PBXFileReference; lastKnownFileType = file.xib; path = CompetitionsViewController.xib; sourceTree = "<group>"; };
		1F89576E2ACC2BBC00C91B9A /* CompetitionsTableViewCell.swift */ = {isa = PBXFileReference; lastKnownFileType = sourcecode.swift; path = CompetitionsTableViewCell.swift; sourceTree = "<group>"; };
		1F89576F2ACC2BBC00C91B9A /* CompetitionsTableViewCell.xib */ = {isa = PBXFileReference; lastKnownFileType = file.xib; path = CompetitionsTableViewCell.xib; sourceTree = "<group>"; };
		1F8957722ACC56FE00C91B9A /* CompetitionsModel.swift */ = {isa = PBXFileReference; lastKnownFileType = sourcecode.swift; path = CompetitionsModel.swift; sourceTree = "<group>"; };
		1F99689B2ADE8F3E000DDA94 /* TeamsModel.swift */ = {isa = PBXFileReference; lastKnownFileType = sourcecode.swift; path = TeamsModel.swift; sourceTree = "<group>"; };
		1F99689D2ADEAE28000DDA94 /* TeamsCell.swift */ = {isa = PBXFileReference; lastKnownFileType = sourcecode.swift; path = TeamsCell.swift; sourceTree = "<group>"; };
		1F99689E2ADEAE28000DDA94 /* TeamsCell.xib */ = {isa = PBXFileReference; lastKnownFileType = file.xib; path = TeamsCell.xib; sourceTree = "<group>"; };
		1FA7AA372AC9515C00895E27 /* football-leagues.app */ = {isa = PBXFileReference; explicitFileType = wrapper.application; includeInIndex = 0; path = "football-leagues.app"; sourceTree = BUILT_PRODUCTS_DIR; };
		1FA7AA3A2AC9515C00895E27 /* AppDelegate.swift */ = {isa = PBXFileReference; lastKnownFileType = sourcecode.swift; path = AppDelegate.swift; sourceTree = "<group>"; };
		1FA7AA3C2AC9515C00895E27 /* SceneDelegate.swift */ = {isa = PBXFileReference; lastKnownFileType = sourcecode.swift; path = SceneDelegate.swift; sourceTree = "<group>"; };
		1FA7AA442AC9515C00895E27 /* football_leagues.xcdatamodel */ = {isa = PBXFileReference; lastKnownFileType = wrapper.xcdatamodel; path = football_leagues.xcdatamodel; sourceTree = "<group>"; };
		1FA7AA462AC9516B00895E27 /* Assets.xcassets */ = {isa = PBXFileReference; lastKnownFileType = folder.assetcatalog; path = Assets.xcassets; sourceTree = "<group>"; };
		1FA7AA492AC9516B00895E27 /* Base */ = {isa = PBXFileReference; lastKnownFileType = file.storyboard; name = Base; path = Base.lproj/LaunchScreen.storyboard; sourceTree = "<group>"; };
		1FA7AA4B2AC9516B00895E27 /* Info.plist */ = {isa = PBXFileReference; lastKnownFileType = text.plist.xml; path = Info.plist; sourceTree = "<group>"; };
		1FB383F02AE7E068006790E5 /* MatchesCell.swift */ = {isa = PBXFileReference; lastKnownFileType = sourcecode.swift; path = MatchesCell.swift; sourceTree = "<group>"; };
		1FB383F12AE7E068006790E5 /* MatchesCell.xib */ = {isa = PBXFileReference; lastKnownFileType = file.xib; path = MatchesCell.xib; sourceTree = "<group>"; };
		1FB383F42AE90F93006790E5 /* MatchesModel.swift */ = {isa = PBXFileReference; lastKnownFileType = sourcecode.swift; path = MatchesModel.swift; sourceTree = "<group>"; };
		1FB383F72AE91F15006790E5 /* MatchesVC.swift */ = {isa = PBXFileReference; lastKnownFileType = sourcecode.swift; path = MatchesVC.swift; sourceTree = "<group>"; };
		1FB383F82AE91F15006790E5 /* MatchesVC.xib */ = {isa = PBXFileReference; lastKnownFileType = file.xib; path = MatchesVC.xib; sourceTree = "<group>"; };
		1FB383FB2AE9343C006790E5 /* MatchesVM.swift */ = {isa = PBXFileReference; lastKnownFileType = sourcecode.swift; path = MatchesVM.swift; sourceTree = "<group>"; };
		1FB384012AF258B6006790E5 /* DBManager.swift */ = {isa = PBXFileReference; lastKnownFileType = sourcecode.swift; path = DBManager.swift; sourceTree = "<group>"; };
		1FBD9B412AF8F4FC00C4AC76 /* States.swift */ = {isa = PBXFileReference; lastKnownFileType = sourcecode.swift; path = States.swift; sourceTree = "<group>"; };
		1FC4E9202ADFD74800A6846E /* TeamsVC.swift */ = {isa = PBXFileReference; lastKnownFileType = sourcecode.swift; path = TeamsVC.swift; sourceTree = "<group>"; };
		1FC4E9212ADFD74800A6846E /* TeamsVC.xib */ = {isa = PBXFileReference; lastKnownFileType = file.xib; path = TeamsVC.xib; sourceTree = "<group>"; };
		1FC4E9252ADFEF5700A6846E /* TeamsVM.swift */ = {isa = PBXFileReference; lastKnownFileType = sourcecode.swift; path = TeamsVM.swift; sourceTree = "<group>"; };
		2CD5FB552AC2DA1C1045817A /* Pods-football-leagues.debug.xcconfig */ = {isa = PBXFileReference; includeInIndex = 1; lastKnownFileType = text.xcconfig; name = "Pods-football-leagues.debug.xcconfig"; path = "Target Support Files/Pods-football-leagues/Pods-football-leagues.debug.xcconfig"; sourceTree = "<group>"; };
		3324CFB57C49E34C9155B688 /* Pods_football_leagues.framework */ = {isa = PBXFileReference; explicitFileType = wrapper.framework; includeInIndex = 0; path = Pods_football_leagues.framework; sourceTree = BUILT_PRODUCTS_DIR; };
		9CB338CE7203BAC263FB4137 /* Pods-football-leagues.release.xcconfig */ = {isa = PBXFileReference; includeInIndex = 1; lastKnownFileType = text.xcconfig; name = "Pods-football-leagues.release.xcconfig"; path = "Target Support Files/Pods-football-leagues/Pods-football-leagues.release.xcconfig"; sourceTree = "<group>"; };
/* End PBXFileReference section */

/* Begin PBXFrameworksBuildPhase section */
		1FA7AA342AC9515C00895E27 /* Frameworks */ = {
			isa = PBXFrameworksBuildPhase;
			buildActionMask = 2147483647;
			files = (
				02CDD489A37619E2269DD8F5 /* Pods_football_leagues.framework in Frameworks */,
			);
			runOnlyForDeploymentPostprocessing = 0;
		};
/* End PBXFrameworksBuildPhase section */

/* Begin PBXGroup section */
		1F7BFC1D2AD2BF8C009BC842 /* Networking */ = {
			isa = PBXGroup;
			children = (
				1F7BFC1E2AD2C09D009BC842 /* NetworkManager.swift */,
			);
			path = Networking;
			sourceTree = "<group>";
		};
		1F89576B2ACB0E0F00C91B9A /* Models */ = {
			isa = PBXGroup;
			children = (
				1F8957722ACC56FE00C91B9A /* CompetitionsModel.swift */,
				1F99689B2ADE8F3E000DDA94 /* TeamsModel.swift */,
				1FB383F42AE90F93006790E5 /* MatchesModel.swift */,
			);
			path = Models;
			sourceTree = "<group>";
		};
		1F89576C2ACB0E4D00C91B9A /* Views */ = {
			isa = PBXGroup;
			children = (
				1F8957682AC98D3700C91B9A /* CompetitionsViewController.xib */,
				1F8957672AC98D3700C91B9A /* CompetitionsViewController.swift */,
				1FC4E9202ADFD74800A6846E /* TeamsVC.swift */,
				1FC4E9212ADFD74800A6846E /* TeamsVC.xib */,
				1FB383F72AE91F15006790E5 /* MatchesVC.swift */,
				1FB383F82AE91F15006790E5 /* MatchesVC.xib */,
			);
			path = Views;
			sourceTree = "<group>";
		};
		1F89576D2ACB0ECF00C91B9A /* ViewModels */ = {
			isa = PBXGroup;
			children = (
				1F2E86852AD549790045D35F /* CompetitionsVM.swift */,
				1FC4E9252ADFEF5700A6846E /* TeamsVM.swift */,
				1FB383FB2AE9343C006790E5 /* MatchesVM.swift */,
			);
			path = ViewModels;
			sourceTree = "<group>";
		};
		1F9968962ADE80B0000DDA94 /* Cells */ = {
			isa = PBXGroup;
			children = (
				1F89576F2ACC2BBC00C91B9A /* CompetitionsTableViewCell.xib */,
				1F89576E2ACC2BBC00C91B9A /* CompetitionsTableViewCell.swift */,
				1F99689D2ADEAE28000DDA94 /* TeamsCell.swift */,
				1F99689E2ADEAE28000DDA94 /* TeamsCell.xib */,
				1FB383F02AE7E068006790E5 /* MatchesCell.swift */,
				1FB383F12AE7E068006790E5 /* MatchesCell.xib */,
			);
			path = Cells;
			sourceTree = "<group>";
		};
		1FA7AA2E2AC9515C00895E27 = {
			isa = PBXGroup;
			children = (
				1FA7AA392AC9515C00895E27 /* football-leagues */,
				1FA7AA382AC9515C00895E27 /* Products */,
				CC08504A6DF948873848E6CC /* Pods */,
				2E13B7BB7BCC0ED7840031B5 /* Frameworks */,
			);
			sourceTree = "<group>";
		};
		1FA7AA382AC9515C00895E27 /* Products */ = {
			isa = PBXGroup;
			children = (
				1FA7AA372AC9515C00895E27 /* football-leagues.app */,
			);
			name = Products;
			sourceTree = "<group>";
		};
		1FA7AA392AC9515C00895E27 /* football-leagues */ = {
			isa = PBXGroup;
			children = (
				1FA7AA3A2AC9515C00895E27 /* AppDelegate.swift */,
				1FA7AA3C2AC9515C00895E27 /* SceneDelegate.swift */,
				1FB384002AF2585D006790E5 /* helpers */,
				1F7BFC1D2AD2BF8C009BC842 /* Networking */,
				1F89576B2ACB0E0F00C91B9A /* Models */,
				1F89576D2ACB0ECF00C91B9A /* ViewModels */,
				1F9968962ADE80B0000DDA94 /* Cells */,
				1F89576C2ACB0E4D00C91B9A /* Views */,
				1FA7AA462AC9516B00895E27 /* Assets.xcassets */,
				1FA7AA482AC9516B00895E27 /* LaunchScreen.storyboard */,
				1FA7AA4B2AC9516B00895E27 /* Info.plist */,
				1FA7AA432AC9515C00895E27 /* football_leagues.xcdatamodeld */,
			);
			path = "football-leagues";
			sourceTree = "<group>";
		};
		1FB384002AF2585D006790E5 /* helpers */ = {
			isa = PBXGroup;
			children = (
				1FB384012AF258B6006790E5 /* DBManager.swift */,
				1FBD9B412AF8F4FC00C4AC76 /* States.swift */,
			);
			path = helpers;
			sourceTree = "<group>";
		};
		2E13B7BB7BCC0ED7840031B5 /* Frameworks */ = {
			isa = PBXGroup;
			children = (
				3324CFB57C49E34C9155B688 /* Pods_football_leagues.framework */,
			);
			name = Frameworks;
			sourceTree = "<group>";
		};
		CC08504A6DF948873848E6CC /* Pods */ = {
			isa = PBXGroup;
			children = (
				2CD5FB552AC2DA1C1045817A /* Pods-football-leagues.debug.xcconfig */,
				9CB338CE7203BAC263FB4137 /* Pods-football-leagues.release.xcconfig */,
			);
			path = Pods;
			sourceTree = "<group>";
		};
/* End PBXGroup section */

/* Begin PBXNativeTarget section */
		1FA7AA362AC9515C00895E27 /* football-leagues */ = {
			isa = PBXNativeTarget;
			buildConfigurationList = 1FA7AA4E2AC9516B00895E27 /* Build configuration list for PBXNativeTarget "football-leagues" */;
			buildPhases = (
				E24C033B1F2FFE4CB752F9DA /* [CP] Check Pods Manifest.lock */,
				1FA7AA332AC9515C00895E27 /* Sources */,
				1FA7AA342AC9515C00895E27 /* Frameworks */,
				1FA7AA352AC9515C00895E27 /* Resources */,
				2A0FAC3D91D051FAF8DC8D92 /* [CP] Embed Pods Frameworks */,
			);
			buildRules = (
			);
			dependencies = (
			);
			name = "football-leagues";
			productName = "football-leagues";
			productReference = 1FA7AA372AC9515C00895E27 /* football-leagues.app */;
			productType = "com.apple.product-type.application";
		};
/* End PBXNativeTarget section */

/* Begin PBXProject section */
		1FA7AA2F2AC9515C00895E27 /* Project object */ = {
			isa = PBXProject;
			attributes = {
				BuildIndependentTargetsInParallel = 1;
				LastSwiftUpdateCheck = 1320;
				LastUpgradeCheck = 1320;
				TargetAttributes = {
					1FA7AA362AC9515C00895E27 = {
						CreatedOnToolsVersion = 13.2.1;
					};
				};
			};
			buildConfigurationList = 1FA7AA322AC9515C00895E27 /* Build configuration list for PBXProject "football-leagues" */;
			compatibilityVersion = "Xcode 13.0";
			developmentRegion = en;
			hasScannedForEncodings = 0;
			knownRegions = (
				en,
				Base,
			);
			mainGroup = 1FA7AA2E2AC9515C00895E27;
			productRefGroup = 1FA7AA382AC9515C00895E27 /* Products */;
			projectDirPath = "";
			projectRoot = "";
			targets = (
				1FA7AA362AC9515C00895E27 /* football-leagues */,
			);
		};
/* End PBXProject section */

/* Begin PBXResourcesBuildPhase section */
		1FA7AA352AC9515C00895E27 /* Resources */ = {
			isa = PBXResourcesBuildPhase;
			buildActionMask = 2147483647;
			files = (
				1F9968A02ADEAE28000DDA94 /* TeamsCell.xib in Resources */,
				1FA7AA4A2AC9516B00895E27 /* LaunchScreen.storyboard in Resources */,
				1FA7AA472AC9516B00895E27 /* Assets.xcassets in Resources */,
				1FC4E9232ADFD74800A6846E /* TeamsVC.xib in Resources */,
				1FB383FA2AE91F15006790E5 /* MatchesVC.xib in Resources */,
				1F89576A2AC98D3700C91B9A /* CompetitionsViewController.xib in Resources */,
				1FB383F32AE7E068006790E5 /* MatchesCell.xib in Resources */,
				1F8957712ACC2BBC00C91B9A /* CompetitionsTableViewCell.xib in Resources */,
			);
			runOnlyForDeploymentPostprocessing = 0;
		};
/* End PBXResourcesBuildPhase section */

/* Begin PBXShellScriptBuildPhase section */
		2A0FAC3D91D051FAF8DC8D92 /* [CP] Embed Pods Frameworks */ = {
			isa = PBXShellScriptBuildPhase;
			buildActionMask = 2147483647;
			files = (
			);
			inputFileListPaths = (
				"${PODS_ROOT}/Target Support Files/Pods-football-leagues/Pods-football-leagues-frameworks-${CONFIGURATION}-input-files.xcfilelist",
			);
			name = "[CP] Embed Pods Frameworks";
			outputFileListPaths = (
				"${PODS_ROOT}/Target Support Files/Pods-football-leagues/Pods-football-leagues-frameworks-${CONFIGURATION}-output-files.xcfilelist",
			);
			runOnlyForDeploymentPostprocessing = 0;
			shellPath = /bin/sh;
			shellScript = "\"${PODS_ROOT}/Target Support Files/Pods-football-leagues/Pods-football-leagues-frameworks.sh\"\n";
			showEnvVarsInLog = 0;
		};
		E24C033B1F2FFE4CB752F9DA /* [CP] Check Pods Manifest.lock */ = {
			isa = PBXShellScriptBuildPhase;
			buildActionMask = 2147483647;
			files = (
			);
			inputFileListPaths = (
			);
			inputPaths = (
				"${PODS_PODFILE_DIR_PATH}/Podfile.lock",
				"${PODS_ROOT}/Manifest.lock",
			);
			name = "[CP] Check Pods Manifest.lock";
			outputFileListPaths = (
			);
			outputPaths = (
				"$(DERIVED_FILE_DIR)/Pods-football-leagues-checkManifestLockResult.txt",
			);
			runOnlyForDeploymentPostprocessing = 0;
			shellPath = /bin/sh;
			shellScript = "diff \"${PODS_PODFILE_DIR_PATH}/Podfile.lock\" \"${PODS_ROOT}/Manifest.lock\" > /dev/null\nif [ $? != 0 ] ; then\n    # print error to STDERR\n    echo \"error: The sandbox is not in sync with the Podfile.lock. Run 'pod install' or update your CocoaPods installation.\" >&2\n    exit 1\nfi\n# This output is used by Xcode 'outputs' to avoid re-running this script phase.\necho \"SUCCESS\" > \"${SCRIPT_OUTPUT_FILE_0}\"\n";
			showEnvVarsInLog = 0;
		};
/* End PBXShellScriptBuildPhase section */

/* Begin PBXSourcesBuildPhase section */
		1FA7AA332AC9515C00895E27 /* Sources */ = {
			isa = PBXSourcesBuildPhase;
			buildActionMask = 2147483647;
			files = (
				1FB383F92AE91F15006790E5 /* MatchesVC.swift in Sources */,
				1F2E86862AD549790045D35F /* CompetitionsVM.swift in Sources */,
				1FB383FC2AE9343C006790E5 /* MatchesVM.swift in Sources */,
				1FC4E9262ADFEF5700A6846E /* TeamsVM.swift in Sources */,
				1F8957702ACC2BBC00C91B9A /* CompetitionsTableViewCell.swift in Sources */,
				1F99689F2ADEAE28000DDA94 /* TeamsCell.swift in Sources */,
				1F8957732ACC56FE00C91B9A /* CompetitionsModel.swift in Sources */,
				1F8957692AC98D3700C91B9A /* CompetitionsViewController.swift in Sources */,
				1F7BFC1F2AD2C09D009BC842 /* NetworkManager.swift in Sources */,
				1F99689C2ADE8F3E000DDA94 /* TeamsModel.swift in Sources */,
				1FA7AA452AC9515C00895E27 /* football_leagues.xcdatamodeld in Sources */,
				1FB384022AF258B6006790E5 /* DBManager.swift in Sources */,
				1FA7AA3B2AC9515C00895E27 /* AppDelegate.swift in Sources */,
				1FC4E9222ADFD74800A6846E /* TeamsVC.swift in Sources */,
				1FB383F52AE90F93006790E5 /* MatchesModel.swift in Sources */,
				1FBD9B422AF8F4FC00C4AC76 /* States.swift in Sources */,
				1FB383F22AE7E068006790E5 /* MatchesCell.swift in Sources */,
				1FA7AA3D2AC9515C00895E27 /* SceneDelegate.swift in Sources */,
			);
			runOnlyForDeploymentPostprocessing = 0;
		};
/* End PBXSourcesBuildPhase section */

/* Begin PBXVariantGroup section */
		1FA7AA482AC9516B00895E27 /* LaunchScreen.storyboard */ = {
			isa = PBXVariantGroup;
			children = (
				1FA7AA492AC9516B00895E27 /* Base */,
			);
			name = LaunchScreen.storyboard;
			sourceTree = "<group>";
		};
/* End PBXVariantGroup section */

/* Begin XCBuildConfiguration section */
		1FA7AA4C2AC9516B00895E27 /* Debug */ = {
			isa = XCBuildConfiguration;
			buildSettings = {
				ALWAYS_SEARCH_USER_PATHS = NO;
				CLANG_ANALYZER_NONNULL = YES;
				CLANG_ANALYZER_NUMBER_OBJECT_CONVERSION = YES_AGGRESSIVE;
				CLANG_CXX_LANGUAGE_STANDARD = "gnu++17";
				CLANG_CXX_LIBRARY = "libc++";
				CLANG_ENABLE_MODULES = YES;
				CLANG_ENABLE_OBJC_ARC = YES;
				CLANG_ENABLE_OBJC_WEAK = YES;
				CLANG_WARN_BLOCK_CAPTURE_AUTORELEASING = YES;
				CLANG_WARN_BOOL_CONVERSION = YES;
				CLANG_WARN_COMMA = YES;
				CLANG_WARN_CONSTANT_CONVERSION = YES;
				CLANG_WARN_DEPRECATED_OBJC_IMPLEMENTATIONS = YES;
				CLANG_WARN_DIRECT_OBJC_ISA_USAGE = YES_ERROR;
				CLANG_WARN_DOCUMENTATION_COMMENTS = YES;
				CLANG_WARN_EMPTY_BODY = YES;
				CLANG_WARN_ENUM_CONVERSION = YES;
				CLANG_WARN_INFINITE_RECURSION = YES;
				CLANG_WARN_INT_CONVERSION = YES;
				CLANG_WARN_NON_LITERAL_NULL_CONVERSION = YES;
				CLANG_WARN_OBJC_IMPLICIT_RETAIN_SELF = YES;
				CLANG_WARN_OBJC_LITERAL_CONVERSION = YES;
				CLANG_WARN_OBJC_ROOT_CLASS = YES_ERROR;
				CLANG_WARN_QUOTED_INCLUDE_IN_FRAMEWORK_HEADER = YES;
				CLANG_WARN_RANGE_LOOP_ANALYSIS = YES;
				CLANG_WARN_STRICT_PROTOTYPES = YES;
				CLANG_WARN_SUSPICIOUS_MOVE = YES;
				CLANG_WARN_UNGUARDED_AVAILABILITY = YES_AGGRESSIVE;
				CLANG_WARN_UNREACHABLE_CODE = YES;
				CLANG_WARN__DUPLICATE_METHOD_MATCH = YES;
				COPY_PHASE_STRIP = NO;
				DEBUG_INFORMATION_FORMAT = dwarf;
				ENABLE_STRICT_OBJC_MSGSEND = YES;
				ENABLE_TESTABILITY = YES;
				GCC_C_LANGUAGE_STANDARD = gnu11;
				GCC_DYNAMIC_NO_PIC = NO;
				GCC_NO_COMMON_BLOCKS = YES;
				GCC_OPTIMIZATION_LEVEL = 0;
				GCC_PREPROCESSOR_DEFINITIONS = (
					"DEBUG=1",
					"$(inherited)",
				);
				GCC_WARN_64_TO_32_BIT_CONVERSION = YES;
				GCC_WARN_ABOUT_RETURN_TYPE = YES_ERROR;
				GCC_WARN_UNDECLARED_SELECTOR = YES;
				GCC_WARN_UNINITIALIZED_AUTOS = YES_AGGRESSIVE;
				GCC_WARN_UNUSED_FUNCTION = YES;
				GCC_WARN_UNUSED_VARIABLE = YES;
				IPHONEOS_DEPLOYMENT_TARGET = 15.2;
				MTL_ENABLE_DEBUG_INFO = INCLUDE_SOURCE;
				MTL_FAST_MATH = YES;
				ONLY_ACTIVE_ARCH = YES;
				SDKROOT = iphoneos;
				SWIFT_ACTIVE_COMPILATION_CONDITIONS = DEBUG;
				SWIFT_OPTIMIZATION_LEVEL = "-Onone";
			};
			name = Debug;
		};
		1FA7AA4D2AC9516B00895E27 /* Release */ = {
			isa = XCBuildConfiguration;
			buildSettings = {
				ALWAYS_SEARCH_USER_PATHS = NO;
				CLANG_ANALYZER_NONNULL = YES;
				CLANG_ANALYZER_NUMBER_OBJECT_CONVERSION = YES_AGGRESSIVE;
				CLANG_CXX_LANGUAGE_STANDARD = "gnu++17";
				CLANG_CXX_LIBRARY = "libc++";
				CLANG_ENABLE_MODULES = YES;
				CLANG_ENABLE_OBJC_ARC = YES;
				CLANG_ENABLE_OBJC_WEAK = YES;
				CLANG_WARN_BLOCK_CAPTURE_AUTORELEASING = YES;
				CLANG_WARN_BOOL_CONVERSION = YES;
				CLANG_WARN_COMMA = YES;
				CLANG_WARN_CONSTANT_CONVERSION = YES;
				CLANG_WARN_DEPRECATED_OBJC_IMPLEMENTATIONS = YES;
				CLANG_WARN_DIRECT_OBJC_ISA_USAGE = YES_ERROR;
				CLANG_WARN_DOCUMENTATION_COMMENTS = YES;
				CLANG_WARN_EMPTY_BODY = YES;
				CLANG_WARN_ENUM_CONVERSION = YES;
				CLANG_WARN_INFINITE_RECURSION = YES;
				CLANG_WARN_INT_CONVERSION = YES;
				CLANG_WARN_NON_LITERAL_NULL_CONVERSION = YES;
				CLANG_WARN_OBJC_IMPLICIT_RETAIN_SELF = YES;
				CLANG_WARN_OBJC_LITERAL_CONVERSION = YES;
				CLANG_WARN_OBJC_ROOT_CLASS = YES_ERROR;
				CLANG_WARN_QUOTED_INCLUDE_IN_FRAMEWORK_HEADER = YES;
				CLANG_WARN_RANGE_LOOP_ANALYSIS = YES;
				CLANG_WARN_STRICT_PROTOTYPES = YES;
				CLANG_WARN_SUSPICIOUS_MOVE = YES;
				CLANG_WARN_UNGUARDED_AVAILABILITY = YES_AGGRESSIVE;
				CLANG_WARN_UNREACHABLE_CODE = YES;
				CLANG_WARN__DUPLICATE_METHOD_MATCH = YES;
				COPY_PHASE_STRIP = NO;
				DEBUG_INFORMATION_FORMAT = "dwarf-with-dsym";
				ENABLE_NS_ASSERTIONS = NO;
				ENABLE_STRICT_OBJC_MSGSEND = YES;
				GCC_C_LANGUAGE_STANDARD = gnu11;
				GCC_NO_COMMON_BLOCKS = YES;
				GCC_WARN_64_TO_32_BIT_CONVERSION = YES;
				GCC_WARN_ABOUT_RETURN_TYPE = YES_ERROR;
				GCC_WARN_UNDECLARED_SELECTOR = YES;
				GCC_WARN_UNINITIALIZED_AUTOS = YES_AGGRESSIVE;
				GCC_WARN_UNUSED_FUNCTION = YES;
				GCC_WARN_UNUSED_VARIABLE = YES;
				IPHONEOS_DEPLOYMENT_TARGET = 15.2;
				MTL_ENABLE_DEBUG_INFO = NO;
				MTL_FAST_MATH = YES;
				SDKROOT = iphoneos;
				SWIFT_COMPILATION_MODE = wholemodule;
				SWIFT_OPTIMIZATION_LEVEL = "-O";
				VALIDATE_PRODUCT = YES;
			};
			name = Release;
		};
		1FA7AA4F2AC9516B00895E27 /* Debug */ = {
			isa = XCBuildConfiguration;
			baseConfigurationReference = 2CD5FB552AC2DA1C1045817A /* Pods-football-leagues.debug.xcconfig */;
			buildSettings = {
				ASSETCATALOG_COMPILER_APPICON_NAME = AppIcon;
				ASSETCATALOG_COMPILER_GLOBAL_ACCENT_COLOR_NAME = AccentColor;
				CODE_SIGN_STYLE = Automatic;
				CURRENT_PROJECT_VERSION = 1;
				DEVELOPMENT_TEAM = 9HW2LFP9FR;
				GENERATE_INFOPLIST_FILE = YES;
				INFOPLIST_FILE = "football-leagues/Info.plist";
				INFOPLIST_KEY_UIApplicationSupportsIndirectInputEvents = YES;
				INFOPLIST_KEY_UILaunchStoryboardName = LaunchScreen;
				INFOPLIST_KEY_UISupportedInterfaceOrientations = UIInterfaceOrientationPortrait;
				INFOPLIST_KEY_UISupportedInterfaceOrientations_iPad = "UIInterfaceOrientationPortrait UIInterfaceOrientationPortraitUpsideDown UIInterfaceOrientationLandscapeLeft UIInterfaceOrientationLandscapeRight";
				INFOPLIST_KEY_UISupportedInterfaceOrientations_iPhone = "UIInterfaceOrientationPortrait UIInterfaceOrientationLandscapeLeft UIInterfaceOrientationLandscapeRight";
				LD_RUNPATH_SEARCH_PATHS = (
					"$(inherited)",
					"@executable_path/Frameworks",
				);
				MARKETING_VERSION = 1.0;
				PRODUCT_BUNDLE_IDENTIFIER = "com.khaledmohsen.football-leagues";
				PRODUCT_NAME = "$(TARGET_NAME)";
				SWIFT_EMIT_LOC_STRINGS = YES;
				SWIFT_VERSION = 5.0;
				TARGETED_DEVICE_FAMILY = 1;
			};
			name = Debug;
		};
		1FA7AA502AC9516B00895E27 /* Release */ = {
			isa = XCBuildConfiguration;
			baseConfigurationReference = 9CB338CE7203BAC263FB4137 /* Pods-football-leagues.release.xcconfig */;
			buildSettings = {
				ASSETCATALOG_COMPILER_APPICON_NAME = AppIcon;
				ASSETCATALOG_COMPILER_GLOBAL_ACCENT_COLOR_NAME = AccentColor;
				CODE_SIGN_STYLE = Automatic;
				CURRENT_PROJECT_VERSION = 1;
				DEVELOPMENT_TEAM = 9HW2LFP9FR;
				GENERATE_INFOPLIST_FILE = YES;
				INFOPLIST_FILE = "football-leagues/Info.plist";
				INFOPLIST_KEY_UIApplicationSupportsIndirectInputEvents = YES;
				INFOPLIST_KEY_UILaunchStoryboardName = LaunchScreen;
				INFOPLIST_KEY_UISupportedInterfaceOrientations = UIInterfaceOrientationPortrait;
				INFOPLIST_KEY_UISupportedInterfaceOrientations_iPad = "UIInterfaceOrientationPortrait UIInterfaceOrientationPortraitUpsideDown UIInterfaceOrientationLandscapeLeft UIInterfaceOrientationLandscapeRight";
				INFOPLIST_KEY_UISupportedInterfaceOrientations_iPhone = "UIInterfaceOrientationPortrait UIInterfaceOrientationLandscapeLeft UIInterfaceOrientationLandscapeRight";
				LD_RUNPATH_SEARCH_PATHS = (
					"$(inherited)",
					"@executable_path/Frameworks",
				);
				MARKETING_VERSION = 1.0;
				PRODUCT_BUNDLE_IDENTIFIER = "com.khaledmohsen.football-leagues";
				PRODUCT_NAME = "$(TARGET_NAME)";
				SWIFT_EMIT_LOC_STRINGS = YES;
				SWIFT_VERSION = 5.0;
				TARGETED_DEVICE_FAMILY = 1;
			};
			name = Release;
		};
/* End XCBuildConfiguration section */

/* Begin XCConfigurationList section */
		1FA7AA322AC9515C00895E27 /* Build configuration list for PBXProject "football-leagues" */ = {
			isa = XCConfigurationList;
			buildConfigurations = (
				1FA7AA4C2AC9516B00895E27 /* Debug */,
				1FA7AA4D2AC9516B00895E27 /* Release */,
			);
			defaultConfigurationIsVisible = 0;
			defaultConfigurationName = Release;
		};
		1FA7AA4E2AC9516B00895E27 /* Build configuration list for PBXNativeTarget "football-leagues" */ = {
			isa = XCConfigurationList;
			buildConfigurations = (
				1FA7AA4F2AC9516B00895E27 /* Debug */,
				1FA7AA502AC9516B00895E27 /* Release */,
			);
			defaultConfigurationIsVisible = 0;
			defaultConfigurationName = Release;
		};
/* End XCConfigurationList section */

/* Begin XCVersionGroup section */
		1FA7AA432AC9515C00895E27 /* football_leagues.xcdatamodeld */ = {
			isa = XCVersionGroup;
			children = (
				1FA7AA442AC9515C00895E27 /* football_leagues.xcdatamodel */,
			);
			currentVersion = 1FA7AA442AC9515C00895E27 /* football_leagues.xcdatamodel */;
			path = football_leagues.xcdatamodeld;
			sourceTree = "<group>";
			versionGroupType = wrapper.xcdatamodel;
		};
/* End XCVersionGroup section */
	};
	rootObject = 1FA7AA2F2AC9515C00895E27 /* Project object */;
}
