PODS:
  - Alamofire (5.7.1)
  - SDWebImage (5.17.0):
    - SDWebImage/Core (= 5.17.0)
  - SDWebImage/Core (5.17.0)
  - SDWebImageSVGCoder (1.7.0):
    - SDWebImage/Core (~> 5.6)
  - ShimmerSwift (2.1.1)
  - SQLite.swift (0.14.1):
    - SQLite.swift/standard (= 0.14.1)
  - SQLite.swift/standard (0.14.1)

DEPENDENCIES:
  - Alamofire
  - SDWebImage (~> 5.0)
  - SDWebImageSVGCoder
  - ShimmerSwift
  - SQLite.swift (~> 0.14.0)

SPEC REPOS:
  https://github.com/cocoapods/specs.git:
    - Alamofire
    - SDWebImage
    - SDWebImageSVGCoder
    - ShimmerSwift
    - SQLite.swift

SPEC CHECKSUMS:
  Alamofire: 0123a34370cb170936ae79a8df46cc62b2edeb88
  SDWebImage: 750adf017a315a280c60fde706ab1e552a3ae4e9
  SDWebImageSVGCoder: 15a300a97ec1c8ac958f009c02220ac0402e936c
  ShimmerSwift: f7ed2daf9c246de8299dfd9e12c6ab465cba9842
  SQLite.swift: 2992550ebf3c5b268bf4352603e3df87d2a4ed72

PODFILE CHECKSUM: 4eab42f087cb3ef41919596e4647075c89a7db81

COCOAPODS: 1.7.5
